// !$*UTF8*$!
{
	archiveVersion = 1;
	classes = {
	};
	objectVersion = 55;
	objects = {

/* Begin PBXBuildFile section */
		AE1C75C02B98C3B100A937E8 /* AppDelegate.swift in Sources */ = {isa = PBXBuildFile; fileRef = AE1C75BF2B98C3B100A937E8 /* AppDelegate.swift */; };
		AE1C75C22B98C3B100A937E8 /* SceneDelegate.swift in Sources */ = {isa = PBXBuildFile; fileRef = AE1C75C12B98C3B100A937E8 /* SceneDelegate.swift */; };
		AE1C75C42B98C3B100A937E8 /* ViewController.swift in Sources */ = {isa = PBXBuildFile; fileRef = AE1C75C32B98C3B100A937E8 /* ViewController.swift */; };
		AE1C75C72B98C3B100A937E8 /* Main.storyboard in Resources */ = {isa = PBXBuildFile; fileRef = AE1C75C52B98C3B100A937E8 /* Main.storyboard */; };
		AE1C75CA2B98C3B100A937E8 /* MyGroceryList.xcdatamodeld in Sources */ = {isa = PBXBuildFile; fileRef = AE1C75C82B98C3B100A937E8 /* MyGroceryList.xcdatamodeld */; };
		AE1C75CC2B98C3B200A937E8 /* Assets.xcassets in Resources */ = {isa = PBXBuildFile; fileRef = AE1C75CB2B98C3B200A937E8 /* Assets.xcassets */; };
		AE1C75CF2B98C3B200A937E8 /* LaunchScreen.storyboard in Resources */ = {isa = PBXBuildFile; fileRef = AE1C75CD2B98C3B200A937E8 /* LaunchScreen.storyboard */; };
		AE1C75DA2B98C3B300A937E8 /* MyGroceryListTests.swift in Sources */ = {isa = PBXBuildFile; fileRef = AE1C75D92B98C3B300A937E8 /* MyGroceryListTests.swift */; };
		AE1C75E42B98C3B300A937E8 /* MyGroceryListUITests.swift in Sources */ = {isa = PBXBuildFile; fileRef = AE1C75E32B98C3B300A937E8 /* MyGroceryListUITests.swift */; };
		AE1C75E62B98C3B300A937E8 /* MyGroceryListUITestsLaunchTests.swift in Sources */ = {isa = PBXBuildFile; fileRef = AE1C75E52B98C3B300A937E8 /* MyGroceryListUITestsLaunchTests.swift */; };
		AE1C75F42B98C3EB00A937E8 /* ShopListViewController.swift in Sources */ = {isa = PBXBuildFile; fileRef = AE1C75F22B98C3EB00A937E8 /* ShopListViewController.swift */; };
		AE1C75F52B98C3EB00A937E8 /* ShopListViewController.xib in Resources */ = {isa = PBXBuildFile; fileRef = AE1C75F32B98C3EB00A937E8 /* ShopListViewController.xib */; };
		AE1C75F92B98C44D00A937E8 /* ItemDescriptionTableViewCell.swift in Sources */ = {isa = PBXBuildFile; fileRef = AE1C75F72B98C44D00A937E8 /* ItemDescriptionTableViewCell.swift */; };
		AE1C75FA2B98C44D00A937E8 /* ItemDescriptionTableViewCell.xib in Resources */ = {isa = PBXBuildFile; fileRef = AE1C75F82B98C44D00A937E8 /* ItemDescriptionTableViewCell.xib */; };
		AE1C75FD2B9904DC00A937E8 /* CoreDataStack.swift in Sources */ = {isa = PBXBuildFile; fileRef = AE1C75FC2B9904DC00A937E8 /* CoreDataStack.swift */; };
		AE1C76012B99E91400A937E8 /* ShopDetails.swift in Sources */ = {isa = PBXBuildFile; fileRef = AE1C76002B99E91400A937E8 /* ShopDetails.swift */; };
		AE1C76032B99EA6E00A937E8 /* ShopDetailsTest.swift in Sources */ = {isa = PBXBuildFile; fileRef = AE1C76022B99EA6E00A937E8 /* ShopDetailsTest.swift */; };
/* End PBXBuildFile section */

/* Begin PBXContainerItemProxy section */
		AE1C75D62B98C3B300A937E8 /* PBXContainerItemProxy */ = {
			isa = PBXContainerItemProxy;
			containerPortal = AE1C75B42B98C3B100A937E8 /* Project object */;
			proxyType = 1;
			remoteGlobalIDString = AE1C75BB2B98C3B100A937E8;
			remoteInfo = MyGroceryList;
		};
		AE1C75E02B98C3B300A937E8 /* PBXContainerItemProxy */ = {
			isa = PBXContainerItemProxy;
			containerPortal = AE1C75B42B98C3B100A937E8 /* Project object */;
			proxyType = 1;
			remoteGlobalIDString = AE1C75BB2B98C3B100A937E8;
			remoteInfo = MyGroceryList;
		};
/* End PBXContainerItemProxy section */

/* Begin PBXFileReference section */
		AE1C75BC2B98C3B100A937E8 /* MyGroceryList.app */ = {isa = PBXFileReference; explicitFileType = wrapper.application; includeInIndex = 0; path = MyGroceryList.app; sourceTree = BUILT_PRODUCTS_DIR; };
		AE1C75BF2B98C3B100A937E8 /* AppDelegate.swift */ = {isa = PBXFileReference; lastKnownFileType = sourcecode.swift; path = AppDelegate.swift; sourceTree = "<group>"; };
		AE1C75C12B98C3B100A937E8 /* SceneDelegate.swift */ = {isa = PBXFileReference; lastKnownFileType = sourcecode.swift; path = SceneDelegate.swift; sourceTree = "<group>"; };
		AE1C75C32B98C3B100A937E8 /* ViewController.swift */ = {isa = PBXFileReference; lastKnownFileType = sourcecode.swift; path = ViewController.swift; sourceTree = "<group>"; };
		AE1C75C62B98C3B100A937E8 /* Base */ = {isa = PBXFileReference; lastKnownFileType = file.storyboard; name = Base; path = Base.lproj/Main.storyboard; sourceTree = "<group>"; };
		AE1C75C92B98C3B100A937E8 /* MyGroceryList.xcdatamodel */ = {isa = PBXFileReference; lastKnownFileType = wrapper.xcdatamodel; path = MyGroceryList.xcdatamodel; sourceTree = "<group>"; };
		AE1C75CB2B98C3B200A937E8 /* Assets.xcassets */ = {isa = PBXFileReference; lastKnownFileType = folder.assetcatalog; path = Assets.xcassets; sourceTree = "<group>"; };
		AE1C75CE2B98C3B200A937E8 /* Base */ = {isa = PBXFileReference; lastKnownFileType = file.storyboard; name = Base; path = Base.lproj/LaunchScreen.storyboard; sourceTree = "<group>"; };
		AE1C75D02B98C3B200A937E8 /* Info.plist */ = {isa = PBXFileReference; lastKnownFileType = text.plist.xml; path = Info.plist; sourceTree = "<group>"; };
		AE1C75D52B98C3B300A937E8 /* MyGroceryListTests.xctest */ = {isa = PBXFileReference; explicitFileType = wrapper.cfbundle; includeInIndex = 0; path = MyGroceryListTests.xctest; sourceTree = BUILT_PRODUCTS_DIR; };
		AE1C75D92B98C3B300A937E8 /* MyGroceryListTests.swift */ = {isa = PBXFileReference; lastKnownFileType = sourcecode.swift; path = MyGroceryListTests.swift; sourceTree = "<group>"; };
		AE1C75DF2B98C3B300A937E8 /* MyGroceryListUITests.xctest */ = {isa = PBXFileReference; explicitFileType = wrapper.cfbundle; includeInIndex = 0; path = MyGroceryListUITests.xctest; sourceTree = BUILT_PRODUCTS_DIR; };
		AE1C75E32B98C3B300A937E8 /* MyGroceryListUITests.swift */ = {isa = PBXFileReference; lastKnownFileType = sourcecode.swift; path = MyGroceryListUITests.swift; sourceTree = "<group>"; };
		AE1C75E52B98C3B300A937E8 /* MyGroceryListUITestsLaunchTests.swift */ = {isa = PBXFileReference; lastKnownFileType = sourcecode.swift; path = MyGroceryListUITestsLaunchTests.swift; sourceTree = "<group>"; };
		AE1C75F22B98C3EB00A937E8 /* ShopListViewController.swift */ = {isa = PBXFileReference; lastKnownFileType = sourcecode.swift; path = ShopListViewController.swift; sourceTree = "<group>"; };
		AE1C75F32B98C3EB00A937E8 /* ShopListViewController.xib */ = {isa = PBXFileReference; lastKnownFileType = file.xib; path = ShopListViewController.xib; sourceTree = "<group>"; };
		AE1C75F72B98C44D00A937E8 /* ItemDescriptionTableViewCell.swift */ = {isa = PBXFileReference; lastKnownFileType = sourcecode.swift; path = ItemDescriptionTableViewCell.swift; sourceTree = "<group>"; };
		AE1C75F82B98C44D00A937E8 /* ItemDescriptionTableViewCell.xib */ = {isa = PBXFileReference; lastKnownFileType = file.xib; path = ItemDescriptionTableViewCell.xib; sourceTree = "<group>"; };
		AE1C75FC2B9904DC00A937E8 /* CoreDataStack.swift */ = {isa = PBXFileReference; lastKnownFileType = sourcecode.swift; path = CoreDataStack.swift; sourceTree = "<group>"; };
		AE1C76002B99E91400A937E8 /* ShopDetails.swift */ = {isa = PBXFileReference; lastKnownFileType = sourcecode.swift; path = ShopDetails.swift; sourceTree = "<group>"; };
		AE1C76022B99EA6E00A937E8 /* ShopDetailsTest.swift */ = {isa = PBXFileReference; lastKnownFileType = sourcecode.swift; path = ShopDetailsTest.swift; sourceTree = "<group>"; };
/* End PBXFileReference section */

/* Begin PBXFrameworksBuildPhase section */
		AE1C75B92B98C3B100A937E8 /* Frameworks */ = {
			isa = PBXFrameworksBuildPhase;
			buildActionMask = 2147483647;
			files = (
			);
			runOnlyForDeploymentPostprocessing = 0;
		};
		AE1C75D22B98C3B300A937E8 /* Frameworks */ = {
			isa = PBXFrameworksBuildPhase;
			buildActionMask = 2147483647;
			files = (
			);
			runOnlyForDeploymentPostprocessing = 0;
		};
		AE1C75DC2B98C3B300A937E8 /* Frameworks */ = {
			isa = PBXFrameworksBuildPhase;
			buildActionMask = 2147483647;
			files = (
			);
			runOnlyForDeploymentPostprocessing = 0;
		};
/* End PBXFrameworksBuildPhase section */

/* Begin PBXGroup section */
		AE1C75B32B98C3B100A937E8 = {
			isa = PBXGroup;
			children = (
				AE1C75BE2B98C3B100A937E8 /* MyGroceryList */,
				AE1C75D82B98C3B300A937E8 /* MyGroceryListTests */,
				AE1C75E22B98C3B300A937E8 /* MyGroceryListUITests */,
				AE1C75BD2B98C3B100A937E8 /* Products */,
			);
			sourceTree = "<group>";
		};
		AE1C75BD2B98C3B100A937E8 /* Products */ = {
			isa = PBXGroup;
			children = (
				AE1C75BC2B98C3B100A937E8 /* MyGroceryList.app */,
				AE1C75D52B98C3B300A937E8 /* MyGroceryListTests.xctest */,
				AE1C75DF2B98C3B300A937E8 /* MyGroceryListUITests.xctest */,
			);
			name = Products;
			sourceTree = "<group>";
		};
		AE1C75BE2B98C3B100A937E8 /* MyGroceryList */ = {
			isa = PBXGroup;
			children = (
				AE1C75BF2B98C3B100A937E8 /* AppDelegate.swift */,
				AE1C75C12B98C3B100A937E8 /* SceneDelegate.swift */,
				AE1C75C32B98C3B100A937E8 /* ViewController.swift */,
				AE1C75FB2B98C45200A937E8 /* TableViewCell */,
				AE1C75F62B98C3F700A937E8 /* ShopList */,
				AE1C75C52B98C3B100A937E8 /* Main.storyboard */,
				AE1C75FC2B9904DC00A937E8 /* CoreDataStack.swift */,
				AE1C75CB2B98C3B200A937E8 /* Assets.xcassets */,
				AE1C75CD2B98C3B200A937E8 /* LaunchScreen.storyboard */,
				AE1C75D02B98C3B200A937E8 /* Info.plist */,
				AE1C75C82B98C3B100A937E8 /* MyGroceryList.xcdatamodeld */,
			);
			path = MyGroceryList;
			sourceTree = "<group>";
		};
		AE1C75D82B98C3B300A937E8 /* MyGroceryListTests */ = {
			isa = PBXGroup;
			children = (
				AE1C75D92B98C3B300A937E8 /* MyGroceryListTests.swift */,
				AE1C76022B99EA6E00A937E8 /* ShopDetailsTest.swift */,
			);
			path = MyGroceryListTests;
			sourceTree = "<group>";
		};
		AE1C75E22B98C3B300A937E8 /* MyGroceryListUITests */ = {
			isa = PBXGroup;
			children = (
				AE1C75E32B98C3B300A937E8 /* MyGroceryListUITests.swift */,
				AE1C75E52B98C3B300A937E8 /* MyGroceryListUITestsLaunchTests.swift */,
			);
			path = MyGroceryListUITests;
			sourceTree = "<group>";
		};
		AE1C75F62B98C3F700A937E8 /* ShopList */ = {
			isa = PBXGroup;
			children = (
				AE1C75F22B98C3EB00A937E8 /* ShopListViewController.swift */,
				AE1C75F32B98C3EB00A937E8 /* ShopListViewController.xib */,
				AE1C76002B99E91400A937E8 /* ShopDetails.swift */,
			);
			path = ShopList;
			sourceTree = "<group>";
		};
		AE1C75FB2B98C45200A937E8 /* TableViewCell */ = {
			isa = PBXGroup;
			children = (
				AE1C75F72B98C44D00A937E8 /* ItemDescriptionTableViewCell.swift */,
				AE1C75F82B98C44D00A937E8 /* ItemDescriptionTableViewCell.xib */,
			);
			path = TableViewCell;
			sourceTree = "<group>";
		};
/* End PBXGroup section */

/* Begin PBXNativeTarget section */
		AE1C75BB2B98C3B100A937E8 /* MyGroceryList */ = {
			isa = PBXNativeTarget;
			buildConfigurationList = AE1C75E92B98C3B300A937E8 /* Build configuration list for PBXNativeTarget "MyGroceryList" */;
			buildPhases = (
				AE1C75B82B98C3B100A937E8 /* Sources */,
				AE1C75B92B98C3B100A937E8 /* Frameworks */,
				AE1C75BA2B98C3B100A937E8 /* Resources */,
			);
			buildRules = (
			);
			dependencies = (
			);
			name = MyGroceryList;
			productName = MyGroceryList;
			productReference = AE1C75BC2B98C3B100A937E8 /* MyGroceryList.app */;
			productType = "com.apple.product-type.application";
		};
		AE1C75D42B98C3B300A937E8 /* MyGroceryListTests */ = {
			isa = PBXNativeTarget;
			buildConfigurationList = AE1C75EC2B98C3B300A937E8 /* Build configuration list for PBXNativeTarget "MyGroceryListTests" */;
			buildPhases = (
				AE1C75D12B98C3B300A937E8 /* Sources */,
				AE1C75D22B98C3B300A937E8 /* Frameworks */,
				AE1C75D32B98C3B300A937E8 /* Resources */,
			);
			buildRules = (
			);
			dependencies = (
				AE1C75D72B98C3B300A937E8 /* PBXTargetDependency */,
			);
			name = MyGroceryListTests;
			productName = MyGroceryListTests;
			productReference = AE1C75D52B98C3B300A937E8 /* MyGroceryListTests.xctest */;
			productType = "com.apple.product-type.bundle.unit-test";
		};
		AE1C75DE2B98C3B300A937E8 /* MyGroceryListUITests */ = {
			isa = PBXNativeTarget;
			buildConfigurationList = AE1C75EF2B98C3B300A937E8 /* Build configuration list for PBXNativeTarget "MyGroceryListUITests" */;
			buildPhases = (
				AE1C75DB2B98C3B300A937E8 /* Sources */,
				AE1C75DC2B98C3B300A937E8 /* Frameworks */,
				AE1C75DD2B98C3B300A937E8 /* Resources */,
			);
			buildRules = (
			);
			dependencies = (
				AE1C75E12B98C3B300A937E8 /* PBXTargetDependency */,
			);
			name = MyGroceryListUITests;
			productName = MyGroceryListUITests;
			productReference = AE1C75DF2B98C3B300A937E8 /* MyGroceryListUITests.xctest */;
			productType = "com.apple.product-type.bundle.ui-testing";
		};
/* End PBXNativeTarget section */

/* Begin PBXProject section */
		AE1C75B42B98C3B100A937E8 /* Project object */ = {
			isa = PBXProject;
			attributes = {
				BuildIndependentTargetsInParallel = 1;
				LastSwiftUpdateCheck = 1340;
				LastUpgradeCheck = 1340;
				TargetAttributes = {
					AE1C75BB2B98C3B100A937E8 = {
						CreatedOnToolsVersion = 13.4.1;
					};
					AE1C75D42B98C3B300A937E8 = {
						CreatedOnToolsVersion = 13.4.1;
						TestTargetID = AE1C75BB2B98C3B100A937E8;
					};
					AE1C75DE2B98C3B300A937E8 = {
						CreatedOnToolsVersion = 13.4.1;
						TestTargetID = AE1C75BB2B98C3B100A937E8;
					};
				};
			};
			buildConfigurationList = AE1C75B72B98C3B100A937E8 /* Build configuration list for PBXProject "MyGroceryList" */;
			compatibilityVersion = "Xcode 13.0";
			developmentRegion = en;
			hasScannedForEncodings = 0;
			knownRegions = (
				en,
				Base,
			);
			mainGroup = AE1C75B32B98C3B100A937E8;
			productRefGroup = AE1C75BD2B98C3B100A937E8 /* Products */;
			projectDirPath = "";
			projectRoot = "";
			targets = (
				AE1C75BB2B98C3B100A937E8 /* MyGroceryList */,
				AE1C75D42B98C3B300A937E8 /* MyGroceryListTests */,
				AE1C75DE2B98C3B300A937E8 /* MyGroceryListUITests */,
			);
		};
/* End PBXProject section */

/* Begin PBXResourcesBuildPhase section */
		AE1C75BA2B98C3B100A937E8 /* Resources */ = {
			isa = PBXResourcesBuildPhase;
			buildActionMask = 2147483647;
			files = (
				AE1C75F52B98C3EB00A937E8 /* ShopListViewController.xib in Resources */,
				AE1C75FA2B98C44D00A937E8 /* ItemDescriptionTableViewCell.xib in Resources */,
				AE1C75CF2B98C3B200A937E8 /* LaunchScreen.storyboard in Resources */,
				AE1C75CC2B98C3B200A937E8 /* Assets.xcassets in Resources */,
				AE1C75C72B98C3B100A937E8 /* Main.storyboard in Resources */,
			);
			runOnlyForDeploymentPostprocessing = 0;
		};
		AE1C75D32B98C3B300A937E8 /* Resources */ = {
			isa = PBXResourcesBuildPhase;
			buildActionMask = 2147483647;
			files = (
			);
			runOnlyForDeploymentPostprocessing = 0;
		};
		AE1C75DD2B98C3B300A937E8 /* Resources */ = {
			isa = PBXResourcesBuildPhase;
			buildActionMask = 2147483647;
			files = (
			);
			runOnlyForDeploymentPostprocessing = 0;
		};
/* End PBXResourcesBuildPhase section */

/* Begin PBXSourcesBuildPhase section */
		AE1C75B82B98C3B100A937E8 /* Sources */ = {
			isa = PBXSourcesBuildPhase;
			buildActionMask = 2147483647;
			files = (
				AE1C75FD2B9904DC00A937E8 /* CoreDataStack.swift in Sources */,
				AE1C75C42B98C3B100A937E8 /* ViewController.swift in Sources */,
				AE1C75F92B98C44D00A937E8 /* ItemDescriptionTableViewCell.swift in Sources */,
				AE1C75C02B98C3B100A937E8 /* AppDelegate.swift in Sources */,
				AE1C76012B99E91400A937E8 /* ShopDetails.swift in Sources */,
				AE1C75C22B98C3B100A937E8 /* SceneDelegate.swift in Sources */,
				AE1C75F42B98C3EB00A937E8 /* ShopListViewController.swift in Sources */,
				AE1C75CA2B98C3B100A937E8 /* MyGroceryList.xcdatamodeld in Sources */,
			);
			runOnlyForDeploymentPostprocessing = 0;
		};
		AE1C75D12B98C3B300A937E8 /* Sources */ = {
			isa = PBXSourcesBuildPhase;
			buildActionMask = 2147483647;
			files = (
				AE1C76032B99EA6E00A937E8 /* ShopDetailsTest.swift in Sources */,
				AE1C75DA2B98C3B300A937E8 /* MyGroceryListTests.swift in Sources */,
			);
			runOnlyForDeploymentPostprocessing = 0;
		};
		AE1C75DB2B98C3B300A937E8 /* Sources */ = {
			isa = PBXSourcesBuildPhase;
			buildActionMask = 2147483647;
			files = (
				AE1C75E62B98C3B300A937E8 /* MyGroceryListUITestsLaunchTests.swift in Sources */,
				AE1C75E42B98C3B300A937E8 /* MyGroceryListUITests.swift in Sources */,
			);
			runOnlyForDeploymentPostprocessing = 0;
		};
/* End PBXSourcesBuildPhase section */

/* Begin PBXTargetDependency section */
		AE1C75D72B98C3B300A937E8 /* PBXTargetDependency */ = {
			isa = PBXTargetDependency;
			target = AE1C75BB2B98C3B100A937E8 /* MyGroceryList */;
			targetProxy = AE1C75D62B98C3B300A937E8 /* PBXContainerItemProxy */;
		};
		AE1C75E12B98C3B300A937E8 /* PBXTargetDependency */ = {
			isa = PBXTargetDependency;
			target = AE1C75BB2B98C3B100A937E8 /* MyGroceryList */;
			targetProxy = AE1C75E02B98C3B300A937E8 /* PBXContainerItemProxy */;
		};
/* End PBXTargetDependency section */

/* Begin PBXVariantGroup section */
		AE1C75C52B98C3B100A937E8 /* Main.storyboard */ = {
			isa = PBXVariantGroup;
			children = (
				AE1C75C62B98C3B100A937E8 /* Base */,
			);
			name = Main.storyboard;
			sourceTree = "<group>";
		};
		AE1C75CD2B98C3B200A937E8 /* LaunchScreen.storyboard */ = {
			isa = PBXVariantGroup;
			children = (
				AE1C75CE2B98C3B200A937E8 /* Base */,
			);
			name = LaunchScreen.storyboard;
			sourceTree = "<group>";
		};
/* End PBXVariantGroup section */

/* Begin XCBuildConfiguration section */
		AE1C75E72B98C3B300A937E8 /* Debug */ = {
			isa = XCBuildConfiguration;
			buildSettings = {
				ALWAYS_SEARCH_USER_PATHS = NO;
				CLANG_ANALYZER_NONNULL = YES;
				CLANG_ANALYZER_NUMBER_OBJECT_CONVERSION = YES_AGGRESSIVE;
				CLANG_CXX_LANGUAGE_STANDARD = "gnu++17";
				CLANG_ENABLE_MODULES = YES;
				CLANG_ENABLE_OBJC_ARC = YES;
				CLANG_ENABLE_OBJC_WEAK = YES;
				CLANG_WARN_BLOCK_CAPTURE_AUTORELEASING = YES;
				CLANG_WARN_BOOL_CONVERSION = YES;
				CLANG_WARN_COMMA = YES;
				CLANG_WARN_CONSTANT_CONVERSION = YES;
				CLANG_WARN_DEPRECATED_OBJC_IMPLEMENTATIONS = YES;
				CLANG_WARN_DIRECT_OBJC_ISA_USAGE = YES_ERROR;
				CLANG_WARN_DOCUMENTATION_COMMENTS = YES;
				CLANG_WARN_EMPTY_BODY = YES;
				CLANG_WARN_ENUM_CONVERSION = YES;
				CLANG_WARN_INFINITE_RECURSION = YES;
				CLANG_WARN_INT_CONVERSION = YES;
				CLANG_WARN_NON_LITERAL_NULL_CONVERSION = YES;
				CLANG_WARN_OBJC_IMPLICIT_RETAIN_SELF = YES;
				CLANG_WARN_OBJC_LITERAL_CONVERSION = YES;
				CLANG_WARN_OBJC_ROOT_CLASS = YES_ERROR;
				CLANG_WARN_QUOTED_INCLUDE_IN_FRAMEWORK_HEADER = YES;
				CLANG_WARN_RANGE_LOOP_ANALYSIS = YES;
				CLANG_WARN_STRICT_PROTOTYPES = YES;
				CLANG_WARN_SUSPICIOUS_MOVE = YES;
				CLANG_WARN_UNGUARDED_AVAILABILITY = YES_AGGRESSIVE;
				CLANG_WARN_UNREACHABLE_CODE = YES;
				CLANG_WARN__DUPLICATE_METHOD_MATCH = YES;
				COPY_PHASE_STRIP = NO;
				DEBUG_INFORMATION_FORMAT = dwarf;
				ENABLE_STRICT_OBJC_MSGSEND = YES;
				ENABLE_TESTABILITY = YES;
				GCC_C_LANGUAGE_STANDARD = gnu11;
				GCC_DYNAMIC_NO_PIC = NO;
				GCC_NO_COMMON_BLOCKS = YES;
				GCC_OPTIMIZATION_LEVEL = 0;
				GCC_PREPROCESSOR_DEFINITIONS = (
					"DEBUG=1",
					"$(inherited)",
				);
				GCC_WARN_64_TO_32_BIT_CONVERSION = YES;
				GCC_WARN_ABOUT_RETURN_TYPE = YES_ERROR;
				GCC_WARN_UNDECLARED_SELECTOR = YES;
				GCC_WARN_UNINITIALIZED_AUTOS = YES_AGGRESSIVE;
				GCC_WARN_UNUSED_FUNCTION = YES;
				GCC_WARN_UNUSED_VARIABLE = YES;
				IPHONEOS_DEPLOYMENT_TARGET = 15.5;
				MTL_ENABLE_DEBUG_INFO = INCLUDE_SOURCE;
				MTL_FAST_MATH = YES;
				ONLY_ACTIVE_ARCH = YES;
				SDKROOT = iphoneos;
				SWIFT_ACTIVE_COMPILATION_CONDITIONS = DEBUG;
				SWIFT_OPTIMIZATION_LEVEL = "-Onone";
			};
			name = Debug;
		};
		AE1C75E82B98C3B300A937E8 /* Release */ = {
			isa = XCBuildConfiguration;
			buildSettings = {
				ALWAYS_SEARCH_USER_PATHS = NO;
				CLANG_ANALYZER_NONNULL = YES;
				CLANG_ANALYZER_NUMBER_OBJECT_CONVERSION = YES_AGGRESSIVE;
				CLANG_CXX_LANGUAGE_STANDARD = "gnu++17";
				CLANG_ENABLE_MODULES = YES;
				CLANG_ENABLE_OBJC_ARC = YES;
				CLANG_ENABLE_OBJC_WEAK = YES;
				CLANG_WARN_BLOCK_CAPTURE_AUTORELEASING = YES;
				CLANG_WARN_BOOL_CONVERSION = YES;
				CLANG_WARN_COMMA = YES;
				CLANG_WARN_CONSTANT_CONVERSION = YES;
				CLANG_WARN_DEPRECATED_OBJC_IMPLEMENTATIONS = YES;
				CLANG_WARN_DIRECT_OBJC_ISA_USAGE = YES_ERROR;
				CLANG_WARN_DOCUMENTATION_COMMENTS = YES;
				CLANG_WARN_EMPTY_BODY = YES;
				CLANG_WARN_ENUM_CONVERSION = YES;
				CLANG_WARN_INFINITE_RECURSION = YES;
				CLANG_WARN_INT_CONVERSION = YES;
				CLANG_WARN_NON_LITERAL_NULL_CONVERSION = YES;
				CLANG_WARN_OBJC_IMPLICIT_RETAIN_SELF = YES;
				CLANG_WARN_OBJC_LITERAL_CONVERSION = YES;
				CLANG_WARN_OBJC_ROOT_CLASS = YES_ERROR;
				CLANG_WARN_QUOTED_INCLUDE_IN_FRAMEWORK_HEADER = YES;
				CLANG_WARN_RANGE_LOOP_ANALYSIS = YES;
				CLANG_WARN_STRICT_PROTOTYPES = YES;
				CLANG_WARN_SUSPICIOUS_MOVE = YES;
				CLANG_WARN_UNGUARDED_AVAILABILITY = YES_AGGRESSIVE;
				CLANG_WARN_UNREACHABLE_CODE = YES;
				CLANG_WARN__DUPLICATE_METHOD_MATCH = YES;
				COPY_PHASE_STRIP = NO;
				DEBUG_INFORMATION_FORMAT = "dwarf-with-dsym";
				ENABLE_NS_ASSERTIONS = NO;
				ENABLE_STRICT_OBJC_MSGSEND = YES;
				GCC_C_LANGUAGE_STANDARD = gnu11;
				GCC_NO_COMMON_BLOCKS = YES;
				GCC_WARN_64_TO_32_BIT_CONVERSION = YES;
				GCC_WARN_ABOUT_RETURN_TYPE = YES_ERROR;
				GCC_WARN_UNDECLARED_SELECTOR = YES;
				GCC_WARN_UNINITIALIZED_AUTOS = YES_AGGRESSIVE;
				GCC_WARN_UNUSED_FUNCTION = YES;
				GCC_WARN_UNUSED_VARIABLE = YES;
				IPHONEOS_DEPLOYMENT_TARGET = 15.5;
				MTL_ENABLE_DEBUG_INFO = NO;
				MTL_FAST_MATH = YES;
				SDKROOT = iphoneos;
				SWIFT_COMPILATION_MODE = wholemodule;
				SWIFT_OPTIMIZATION_LEVEL = "-O";
				VALIDATE_PRODUCT = YES;
			};
			name = Release;
		};
		AE1C75EA2B98C3B300A937E8 /* Debug */ = {
			isa = XCBuildConfiguration;
			buildSettings = {
				ASSETCATALOG_COMPILER_APPICON_NAME = AppIcon;
				ASSETCATALOG_COMPILER_GLOBAL_ACCENT_COLOR_NAME = AccentColor;
				CODE_SIGN_STYLE = Automatic;
				CURRENT_PROJECT_VERSION = 1;
				GENERATE_INFOPLIST_FILE = YES;
				INFOPLIST_FILE = MyGroceryList/Info.plist;
				INFOPLIST_KEY_UIApplicationSupportsIndirectInputEvents = YES;
				INFOPLIST_KEY_UILaunchStoryboardName = LaunchScreen;
				INFOPLIST_KEY_UIMainStoryboardFile = Main;
				INFOPLIST_KEY_UISupportedInterfaceOrientations_iPad = "UIInterfaceOrientationPortrait UIInterfaceOrientationPortraitUpsideDown UIInterfaceOrientationLandscapeLeft UIInterfaceOrientationLandscapeRight";
				INFOPLIST_KEY_UISupportedInterfaceOrientations_iPhone = "UIInterfaceOrientationPortrait UIInterfaceOrientationLandscapeLeft UIInterfaceOrientationLandscapeRight";
				LD_RUNPATH_SEARCH_PATHS = (
					"$(inherited)",
					"@executable_path/Frameworks",
				);
				MARKETING_VERSION = 1.0;
				PRODUCT_BUNDLE_IDENTIFIER = com.JayGowda.MyGroceryList;
				PRODUCT_NAME = "$(TARGET_NAME)";
				SWIFT_EMIT_LOC_STRINGS = YES;
				SWIFT_VERSION = 5.0;
				TARGETED_DEVICE_FAMILY = "1,2";
			};
			name = Debug;
		};
		AE1C75EB2B98C3B300A937E8 /* Release */ = {
			isa = XCBuildConfiguration;
			buildSettings = {
				ASSETCATALOG_COMPILER_APPICON_NAME = AppIcon;
				ASSETCATALOG_COMPILER_GLOBAL_ACCENT_COLOR_NAME = AccentColor;
				CODE_SIGN_STYLE = Automatic;
				CURRENT_PROJECT_VERSION = 1;
				GENERATE_INFOPLIST_FILE = YES;
				INFOPLIST_FILE = MyGroceryList/Info.plist;
				INFOPLIST_KEY_UIApplicationSupportsIndirectInputEvents = YES;
				INFOPLIST_KEY_UILaunchStoryboardName = LaunchScreen;
				INFOPLIST_KEY_UIMainStoryboardFile = Main;
				INFOPLIST_KEY_UISupportedInterfaceOrientations_iPad = "UIInterfaceOrientationPortrait UIInterfaceOrientationPortraitUpsideDown UIInterfaceOrientationLandscapeLeft UIInterfaceOrientationLandscapeRight";
				INFOPLIST_KEY_UISupportedInterfaceOrientations_iPhone = "UIInterfaceOrientationPortrait UIInterfaceOrientationLandscapeLeft UIInterfaceOrientationLandscapeRight";
				LD_RUNPATH_SEARCH_PATHS = (
					"$(inherited)",
					"@executable_path/Frameworks",
				);
				MARKETING_VERSION = 1.0;
				PRODUCT_BUNDLE_IDENTIFIER = com.JayGowda.MyGroceryList;
				PRODUCT_NAME = "$(TARGET_NAME)";
				SWIFT_EMIT_LOC_STRINGS = YES;
				SWIFT_VERSION = 5.0;
				TARGETED_DEVICE_FAMILY = "1,2";
			};
			name = Release;
		};
		AE1C75ED2B98C3B300A937E8 /* Debug */ = {
			isa = XCBuildConfiguration;
			buildSettings = {
				ALWAYS_EMBED_SWIFT_STANDARD_LIBRARIES = YES;
				BUNDLE_LOADER = "$(TEST_HOST)";
				CODE_SIGN_STYLE = Automatic;
				CURRENT_PROJECT_VERSION = 1;
				GENERATE_INFOPLIST_FILE = YES;
				IPHONEOS_DEPLOYMENT_TARGET = 15.5;
				MARKETING_VERSION = 1.0;
				PRODUCT_BUNDLE_IDENTIFIER = com.JayGowda.MyGroceryListTests;
				PRODUCT_NAME = "$(TARGET_NAME)";
				SWIFT_EMIT_LOC_STRINGS = NO;
				SWIFT_VERSION = 5.0;
				TARGETED_DEVICE_FAMILY = "1,2";
				TEST_HOST = "$(BUILT_PRODUCTS_DIR)/MyGroceryList.app/MyGroceryList";
			};
			name = Debug;
		};
		AE1C75EE2B98C3B300A937E8 /* Release */ = {
			isa = XCBuildConfiguration;
			buildSettings = {
				ALWAYS_EMBED_SWIFT_STANDARD_LIBRARIES = YES;
				BUNDLE_LOADER = "$(TEST_HOST)";
				CODE_SIGN_STYLE = Automatic;
				CURRENT_PROJECT_VERSION = 1;
				GENERATE_INFOPLIST_FILE = YES;
				IPHONEOS_DEPLOYMENT_TARGET = 15.5;
				MARKETING_VERSION = 1.0;
				PRODUCT_BUNDLE_IDENTIFIER = com.JayGowda.MyGroceryListTests;
				PRODUCT_NAME = "$(TARGET_NAME)";
				SWIFT_EMIT_LOC_STRINGS = NO;
				SWIFT_VERSION = 5.0;
				TARGETED_DEVICE_FAMILY = "1,2";
				TEST_HOST = "$(BUILT_PRODUCTS_DIR)/MyGroceryList.app/MyGroceryList";
			};
			name = Release;
		};
		AE1C75F02B98C3B300A937E8 /* Debug */ = {
			isa = XCBuildConfiguration;
			buildSettings = {
				ALWAYS_EMBED_SWIFT_STANDARD_LIBRARIES = YES;
				CODE_SIGN_STYLE = Automatic;
				CURRENT_PROJECT_VERSION = 1;
				GENERATE_INFOPLIST_FILE = YES;
				MARKETING_VERSION = 1.0;
				PRODUCT_BUNDLE_IDENTIFIER = com.JayGowda.MyGroceryListUITests;
				PRODUCT_NAME = "$(TARGET_NAME)";
				SWIFT_EMIT_LOC_STRINGS = NO;
				SWIFT_VERSION = 5.0;
				TARGETED_DEVICE_FAMILY = "1,2";
				TEST_TARGET_NAME = MyGroceryList;
			};
			name = Debug;
		};
		AE1C75F12B98C3B300A937E8 /* Release */ = {
			isa = XCBuildConfiguration;
			buildSettings = {
				ALWAYS_EMBED_SWIFT_STANDARD_LIBRARIES = YES;
				CODE_SIGN_STYLE = Automatic;
				CURRENT_PROJECT_VERSION = 1;
				GENERATE_INFOPLIST_FILE = YES;
				MARKETING_VERSION = 1.0;
				PRODUCT_BUNDLE_IDENTIFIER = com.JayGowda.MyGroceryListUITests;
				PRODUCT_NAME = "$(TARGET_NAME)";
				SWIFT_EMIT_LOC_STRINGS = NO;
				SWIFT_VERSION = 5.0;
				TARGETED_DEVICE_FAMILY = "1,2";
				TEST_TARGET_NAME = MyGroceryList;
			};
			name = Release;
		};
/* End XCBuildConfiguration section */

/* Begin XCConfigurationList section */
		AE1C75B72B98C3B100A937E8 /* Build configuration list for PBXProject "MyGroceryList" */ = {
			isa = XCConfigurationList;
			buildConfigurations = (
				AE1C75E72B98C3B300A937E8 /* Debug */,
				AE1C75E82B98C3B300A937E8 /* Release */,
			);
			defaultConfigurationIsVisible = 0;
			defaultConfigurationName = Release;
		};
		AE1C75E92B98C3B300A937E8 /* Build configuration list for PBXNativeTarget "MyGroceryList" */ = {
			isa = XCConfigurationList;
			buildConfigurations = (
				AE1C75EA2B98C3B300A937E8 /* Debug */,
				AE1C75EB2B98C3B300A937E8 /* Release */,
			);
			defaultConfigurationIsVisible = 0;
			defaultConfigurationName = Release;
		};
		AE1C75EC2B98C3B300A937E8 /* Build configuration list for PBXNativeTarget "MyGroceryListTests" */ = {
			isa = XCConfigurationList;
			buildConfigurations = (
				AE1C75ED2B98C3B300A937E8 /* Debug */,
				AE1C75EE2B98C3B300A937E8 /* Release */,
			);
			defaultConfigurationIsVisible = 0;
			defaultConfigurationName = Release;
		};
		AE1C75EF2B98C3B300A937E8 /* Build configuration list for PBXNativeTarget "MyGroceryListUITests" */ = {
			isa = XCConfigurationList;
			buildConfigurations = (
				AE1C75F02B98C3B300A937E8 /* Debug */,
				AE1C75F12B98C3B300A937E8 /* Release */,
			);
			defaultConfigurationIsVisible = 0;
			defaultConfigurationName = Release;
		};
/* End XCConfigurationList section */

/* Begin XCVersionGroup section */
		AE1C75C82B98C3B100A937E8 /* MyGroceryList.xcdatamodeld */ = {
			isa = XCVersionGroup;
			children = (
				AE1C75C92B98C3B100A937E8 /* MyGroceryList.xcdatamodel */,
			);
			currentVersion = AE1C75C92B98C3B100A937E8 /* MyGroceryList.xcdatamodel */;
			path = MyGroceryList.xcdatamodeld;
			sourceTree = "<group>";
			versionGroupType = wrapper.xcdatamodel;
		};
/* End XCVersionGroup section */
	};
	rootObject = AE1C75B42B98C3B100A937E8 /* Project object */;
}
